github.com/gopherjs/gopherjs v0.0.0-20181017120253-0766667cb4d1 h1:EGx4pi6eqNxGaHF6qqu48+N2wcFQ5qg5FXgOdqsJ5d8=
github.com/gopherjs/gopherjs v0.0.0-20181017120253-0766667cb4d1/go.mod h1:wJfORRmW1u3UXTncJ5qlYoELFm8eSnnEO6hX4iZ3EWY=
github.com/gorilla/websocket v1.4.2 h1:+/TMaTYc4QFitKJxsQ7Yye35DkWvkdLcvGKqM+x0Ufc=
github.com/gorilla/websocket v1.4.2/go.mod h1:YR8l580nyteQvAITg2hZ9XVh4b55+EU/adAjf1fMHhE=
github.com/jtolds/gls v4.20.0+incompatible h1:xdiiI2gbIgH/gLH7ADydsJ1uDOEzR8yvV7C0MuV77Wo=
github.com/jtolds/gls v4.20.0+incompatible/go.mod h1:QJZ7F/aHp+rZTRtaJ1ow/lLfFfVYBRgL+9YlvaHOwJU=
github.com/kasworld/actjitter v0.0.0-20191107220721-3c533f25bbd7 h1:4G8ubdFCgzAdd6Da1YCisOciOc4y41RTK184T8kGhbg=
github.com/kasworld/actjitter v0.0.0-20191107220721-3c533f25bbd7/go.mod h1:oK0mpFXC6GhunazuU6W7UaIHV5uppWG3CGrpoy5i+1U=
github.com/kasworld/actpersec v0.0.0-20191019021204-8c24cd60715c h1:eaKT+Mq6Mc5Ie/vAuOEH1b51WT+shXR8UwPB0o3vSqY=
github.com/kasworld/actpersec v0.0.0-20191019021204-8c24cd60715c/go.mod h1:feAtWeQK1BwPjaiZD2tkylKXGuajBPkAk5qUXdnUB3E=
github.com/kasworld/argdefault v0.0.0-20191109010013-6dd84fb12d6f h1:bJyRoAu5eHr7T3+p3UD7uSnnJI7rQlSay/fjxE5N0l0=
github.com/kasworld/argdefault v0.0.0-20191109010013-6dd84fb12d6f/go.mod h1:GISgpfLtciOKoTYpA2jfBWsKu6yfL/E2RrLlREkEuyk=
github.com/kasworld/configutil v0.0.0-20191216014610-0147549c8f10 h1:VnhJfW26UduBDoird6WmLHpdFTWRxB7AmxYwmeJCsCk=
github.com/kasworld/configutil v0.0.0-20191216014610-0147549c8f10/go.mod h1:7gVGcihWNY7Hf89YTgfDAWlNswmI8Ql1qTtTkuY6OuQ=
github.com/kasworld/direction v0.0.0-20200404021744-bc9d917fa31b h1:/RH+LhKmfDuHfHnUmc/9vNwbhF8fTB+oRD5dKo/dIwQ=
github.com/kasworld/direction v0.0.0-20200404021744-bc9d917fa31b/go.mod h1:Rovtfk9OKQD5SmUd1LAnMakVJxm9K8+LjEk2oCKFCSc=
github.com/kasworld/durjitter v0.0.0-20190506030451-c6b107ee04f5 h1:wMhMe00sjUXJynZkESMksP84GVeBCPrgyfZWQGrqVYM=
github.com/kasworld/durjitter v0.0.0-20190506030451-c6b107ee04f5/go.mod h1:mrGmq8YlUGXaxZSJ/M2ueYggUr9c1lom+3vaqE6qwG8=
github.com/kasworld/findnear v0.0.0-20190507055216-d04f3f02788f h1:sGtnltglUoyXzkQ/6mPclp42jtm+3TbDT6OJRYG4BOs=
github.com/kasworld/findnear v0.0.0-20190507055216-d04f3f02788f/go.mod h1:dRIQmIUx5MiNTbBlZ6IP/fWZyTI9JqFKatM9NrQbl6E=
github.com/kasworld/fortune v0.0.0-20191213072226-d48d829f9be2 h1:tJ7OyaIZBNWY8bGKIYeoFYlwrdzgeJU6R5zdv5tJopQ=
github.com/kasworld/fortune v0.0.0-20191213072226-d48d829f9be2/go.mod h1:KBP7EZ0caUPqU09OxkxjB6eFEzGC0YD9Ee9YMBHqjVY=
github.com/kasworld/g2rand v0.0.0-20200315073237-cff14c61a4f0 h1:SGFi5pkGJTPf3ZK7k3QlypsKYKb4lsLSaVSfd4HkoYE=
github.com/kasworld/g2rand v0.0.0-20200315073237-cff14c61a4f0/go.mod h1:OLFq3QLxqowX/PLhvNM9DP1ZELfWKF2ugyxt3mhGfNM=
github.com/kasworld/go-abs v0.0.0-20190506031457-98e1b15a2888 h1:mixTHsjZw0A8CtQccxXxSdvNeNhOFs+vFDuvZtsTMeI=
github.com/kasworld/go-abs v0.0.0-20190506031457-98e1b15a2888/go.mod h1:moB6/tYyUKW8vrzgnT+8e/9qrf0PA0TEfjcLZcgYsuo=
github.com/kasworld/go-profile v0.0.0-20151115093915-b12be73c3c93 h1:VKUGnqkj5GPGc8WYhWpm9EE5QozMqWWa3xdvGVXLrb4=
github.com/kasworld/go-profile v0.0.0-20151115093915-b12be73c3c93/go.mod h1:vaAHegt/rkNqbmVH8A+kFkk619vik1ZCg1mxwi/WnA0=
github.com/kasworld/gowasmlib v0.0.0-20200306023233-6d534fae80d1 h1:tMsTrkLojw+wwZCpMogL232bnDWRab+jx0t8QOAQTho=
github.com/kasworld/gowasmlib v0.0.0-20200306023233-6d534fae80d1/go.mod h1:RqjBGAv4PzJUgdynTRp/lP8UPy9GUwjcH38zLnEUxiA=
github.com/kasworld/hitrate v0.0.0-20190507000730-8b6a0a06b025 h1:DL5MhNZOKmhFcrueif1Pp2KoI/ycsrpO3bROm+sBevw=
github.com/kasworld/hitrate v0.0.0-20190507000730-8b6a0a06b025/go.mod h1:5MFelptnk10uY/53tD3jwoSQHos9K8kPPBCN2NImf5w=
github.com/kasworld/htmlcolors v0.0.0-20200329020336-66b48ba18ef9 h1:hq3ZIyVYPP2hpYGfKcO+aEqXZXOCJgsl7yuVy5rPaSQ=
github.com/kasworld/htmlcolors v0.0.0-20200329020336-66b48ba18ef9/go.mod h1:bb/2P/wOUlDpfjbb9eD5VP9tzdRw3ej3xMitQ2kSJBk=
github.com/kasworld/ifop v0.0.0-20190506032142-30f140457f43 h1:T8ijllxHCrPZufzo7lCKcScaZyy28xK/kcUjS9rV8qE=
github.com/kasworld/ifop v0.0.0-20190506032142-30f140457f43/go.mod h1:B7/w4MY8MDkiS6J4KvuBRnNZGDsLFSiIcM0STgxKLf8=
github.com/kasworld/intervalduration v0.0.0-20191119062840-82a720a6b837 h1:eCOgfASDJABSynp0JzYTVopOtLO9/C9+nmKc4JYLAkY=
github.com/kasworld/intervalduration v0.0.0-20191119062840-82a720a6b837/go.mod h1:c+qTHoJJf9gYXan7ZvRkPXgCdYBI5q4FydIa3ofjNpY=
github.com/kasworld/launcherlib v0.0.0-20190513092519-5ce52b882f53 h1:Tu6vg+sX+b9vvXwMy6AerskRMmiYPVurpvnB24pQy7c=
github.com/kasworld/launcherlib v0.0.0-20190513092519-5ce52b882f53/go.mod h1:OQOF2YYISM79z+SNFcpYn1ZIZ+VrA/QqATXvZR63N7s=
github.com/kasworld/log v0.0.0-20191101013826-9bd2997eac10 h1:meVP467OVoZus/N9IuCHo5FYfNOyEPsu9d64bN5a6F8=
github.com/kasworld/log v0.0.0-20191101013826-9bd2997eac10/go.mod h1:WSMsaXwrnpX2wOa1+tXYCaUvZRedAA3JK0HtxajFO74=
github.com/kasworld/multirun v0.0.0-20191216055936-decb66787001 h1:imgS0/ZOfcButbzdj8LMGxUx0vh4l3qkroqsnlJ4CDw=
github.com/kasworld/multirun v0.0.0-20191216055936-decb66787001/go.mod h1:zTS5cwoXKZuFAhJMs/cIMZYC8HRK0awy9q4R6kjWl50=
github.com/kasworld/prettystring v0.0.0-20200313054137-8305061037e7 h1:c0l48LIAZdh0DCIlj28W/12ko6bcW+Ye+Fb0bWpH/BU=
github.com/kasworld/prettystring v0.0.0-20200313054137-8305061037e7/go.mod h1:49hU/4Tzyzz8E4oIo6hZtjqO9LaM1LgXOvY+VG1EWtI=
github.com/kasworld/primenum v0.0.0-20190503100306-1fcdbc6a31a4 h1:I4eDaKwYhlYjqtuFmfbp824ZW4Dc0nlWteQUc7aIcu4=
github.com/kasworld/primenum v0.0.0-20190503100306-1fcdbc6a31a4/go.mod h1:Nq7EKIdJQ4l121ohhLD/idp6HoEJKjNgA7bhWu3Vom0=
github.com/kasworld/rangestat v0.0.0-20190508031937-d4380fb43f7a h1:2C0tc01SY9C4W7fZj9G7kETkQC6coqb+j1bzEq4UxgI=
github.com/kasworld/rangestat v0.0.0-20190508031937-d4380fb43f7a/go.mod h1:h6K7dvA2STMPa7uqgf43kf+0Ah1mWoGihRHVXGVbV18=
github.com/kasworld/recordduration v0.0.0-20190924031050-aa5da0a840f6 h1:XK0zGfu+RkqEnN5urZSR/l47jIObjMrvGbdYViMYwwg=
github.com/kasworld/recordduration v0.0.0-20190924031050-aa5da0a840f6/go.mod h1:xha8AXX6gq182z+rOLnTlgGcdld565fgEa0GV+1KpcU=
github.com/kasworld/rect v0.0.0-20191110105826-d670102a73be h1:OImR6GlNcCh9PNErg1r5YCpvvWklGjZYsi719klPrqA=
github.com/kasworld/rect v0.0.0-20191110105826-d670102a73be/go.mod h1:Njh/AxseDDA/Rk7vRltS6t3zoahLDRwMZNPLbS43KY0=
github.com/kasworld/signalhandle v0.0.0-20200822033537-32b4da0b570d h1:SxYd0srXbsjL82VMVu5ZXt1pcm+oL5OVMC/jyTUrbrE=
github.com/kasworld/signalhandle v0.0.0-20200822033537-32b4da0b570d/go.mod h1:xhD6vu7DcPv1MB/BdQYK0vr3DN8Un5agHcd9ndB09zI=
github.com/kasworld/signalhandlewin v0.0.0-20200822033615-47a1af25ab63 h1:8BvG3mhYkvUgrZ+PJatECNbzzz1cFkYs4tM2q4IaSJk=
github.com/kasworld/signalhandlewin v0.0.0-20200822033615-47a1af25ab63/go.mod h1:OT78W3x3cbKAHzCjlnK/UOuFp4IowsFFleOp6WqlEI0=
github.com/kasworld/uuidstr v0.0.0-20190503034528-2edffd24297a h1:zB+eA5R/ffX2bI6nz/rrviKLOOPJq5nDjLbNHfthm+w=
github.com/kasworld/uuidstr v0.0.0-20190503034528-2edffd24297a/go.mod h1:3Unt++NR6Watw5y+3TymsoCVwJrd0ofAkQ1zU251HSM=
github.com/kasworld/version v0.0.0-20190507052028-3d2e657a23f8 h1:IE+DyRvObPl3hkWkUHMdq7BPFCFO3qmKMCpwqXi8CuA=
github.com/kasworld/version v0.0.0-20190507052028-3d2e657a23f8/go.mod h1:vdUYabS20uVSVS8KN4IFNwt8Gth30vFAdltrgHW8vVk=
github.com/kasworld/walk2d v0.0.0-20190508054438-4e630929cb37 h1:p8uwfU0jae95XopVbpYqIer6Hq0jX45QXmEMJgMp7ZI=
github.com/kasworld/walk2d v0.0.0-20190508054438-4e630929cb37/go.mod h1:SkJCV6mDX/BYRVPvTIoqzSBsrvj2TPzHBFyc49/UnM4=
github.com/kasworld/weblib v0.0.0-20200408024824-4b4f01a6be3f h1:pTcno+UXDRvgWqXyqzLiXbMaAUxGFR0AMPh3KTjbsfM=
github.com/kasworld/weblib v0.0.0-20200408024824-4b4f01a6be3f/go.mod h1:uzuYzY532n+RaDXT9fT5v5vzHxQfRtdVxTo3n3PfW6U=
github.com/kasworld/wrapper v0.0.0-20190506073115-622d5083ea62 h1:FOMk4XqG2QhF8WFROCBZfpCx6/IkhlDMUF8eLSPk02o=
github.com/kasworld/wrapper v0.0.0-20190506073115-622d5083ea62/go.mod h1:w5JSR2UgcngOWe+907WptW6FNx23yqGkMCKSCZkgRYI=
github.com/nightlyone/lockfile v1.0.0 h1:RHep2cFKK4PonZJDdEl4GmkabuhbsRMgk/k3uAmxBiA=
github.com/nightlyone/lockfile v1.0.0/go.mod h1:rywoIealpdNse2r832aiD9jRk8ErCatROs6LzC841CI=
github.com/philhofer/fwd v1.0.0 h1:UbZqGr5Y38ApvM/V/jEljVxwocdweyH+vmYvRPBnbqQ=
github.com/philhofer/fwd v1.0.0/go.mod h1:gk3iGcWd9+svBvR0sR+KPcfE+RNWozjowpeBVG3ZVNU=
github.com/smartystreets/assertions v0.0.0-20180927180507-b2de0cb4f26d h1:zE9ykElWQ6/NYmHa3jpm/yHnI4xSofP+UP6SpjHcSeM=
github.com/smartystreets/assertions v0.0.0-20180927180507-b2de0cb4f26d/go.mod h1:OnSkiWE9lh6wB0YB77sQom3nweQdgAjqCqsofrRNTgc=
github.com/smartystreets/goconvey v1.6.4 h1:fv0U8FUIMPNf1L9lnHLvLhgicrIVChEkdzIKYqbNC9s=
github.com/smartystreets/goconvey v1.6.4/go.mod h1:syvi0/a8iFYH4r/RixwvyeAJjdLS9QV7WQ/tjFTllLA=
github.com/tinylib/msgp v1.1.2 h1:gWmO7n0Ys2RBEb7GPYB9Ujq8Mk5p2U08lRnmMcGy6BQ=
github.com/tinylib/msgp v1.1.2/go.mod h1:+d+yLhGm8mzTaHzB+wgMYrodPfmZrzkirds8fDWklFE=
golang.org/x/crypto v0.0.0-20190308221718-c2843e01d9a2/go.mod h1:djNgcEr1/C05ACkg1iLfiJU5Ep61QUkGW8qpdssI0+w=
golang.org/x/net v0.0.0-20190311183353-d8887717615a/go.mod h1:t9HGtf8HONx5eT2rtn7q6eTqICYqUVnKs3thJo3Qplg=
golang.org/x/sys v0.0.0-20190215142949-d0b11bdaac8a/go.mod h1:STP8DvDyc/dI5b8T5hshtkjS+E42TnysNCUPdjciGhY=
golang.org/x/text v0.3.0/go.mod h1:NqM8EUOU14njkJ3fqMW+pc6Ldnwhi/IjpwHt7yyuwOQ=
golang.org/x/tools v0.0.0-20190328211700-ab21143f2384/go.mod h1:LCzVGOaR6xXOjkQ3onu1FJEFr0SW1gC7cKk1uF8kGRs=
gopkg.in/ini.v1 v1.55.0 h1:E8yzL5unfpW3M6fz/eB7Cb5MQAYSZ7GKo4Qth+N2sgQ=
gopkg.in/ini.v1 v1.55.0/go.mod h1:pNLf8WUiyNEtQjuu5G5vTm06TEv9tsIgeAvK8hOrP4k=
